// !$*UTF8*$!
{
	archiveVersion = 1;
	classes = {
	};
	objectVersion = 55;
	objects = {

/* Begin PBXBuildFile section */
		CB5D642A28A2081700AADA02 /* AppDelegate.swift in Sources */ = {isa = PBXBuildFile; fileRef = CB5D642928A2081700AADA02 /* AppDelegate.swift */; };
		CB5D642C28A2081700AADA02 /* SceneDelegate.swift in Sources */ = {isa = PBXBuildFile; fileRef = CB5D642B28A2081700AADA02 /* SceneDelegate.swift */; };
		CB5D642E28A2081700AADA02 /* ViewController.swift in Sources */ = {isa = PBXBuildFile; fileRef = CB5D642D28A2081700AADA02 /* ViewController.swift */; };
		CB5D643128A2081700AADA02 /* Main.storyboard in Resources */ = {isa = PBXBuildFile; fileRef = CB5D642F28A2081700AADA02 /* Main.storyboard */; };
		CB5D643328A2081A00AADA02 /* Assets.xcassets in Resources */ = {isa = PBXBuildFile; fileRef = CB5D643228A2081A00AADA02 /* Assets.xcassets */; };
		CB5D643628A2081A00AADA02 /* LaunchScreen.storyboard in Resources */ = {isa = PBXBuildFile; fileRef = CB5D643428A2081A00AADA02 /* LaunchScreen.storyboard */; };
		CB5D644A28A20FCC00AADA02 /* UIViewExtension.swift in Sources */ = {isa = PBXBuildFile; fileRef = CB5D644628A20FCC00AADA02 /* UIViewExtension.swift */; };
		CB5D644B28A20FCC00AADA02 /* CommonAlertVC.swift in Sources */ = {isa = PBXBuildFile; fileRef = CB5D644728A20FCC00AADA02 /* CommonAlertVC.swift */; };
		CB5D644C28A20FCC00AADA02 /* CommonAlertVC.xib in Resources */ = {isa = PBXBuildFile; fileRef = CB5D644828A20FCC00AADA02 /* CommonAlertVC.xib */; };
		CB5D645F28A2744D00AADA02 /* PopupHelper.swift in Sources */ = {isa = PBXBuildFile; fileRef = CB5D645E28A2744D00AADA02 /* PopupHelper.swift */; };
		CB5D64A628A29C1100AADA02 /* UIControlExtension.swift in Sources */ = {isa = PBXBuildFile; fileRef = CB5D64A528A29C1100AADA02 /* UIControlExtension.swift */; };
		CB708B4028A3616200404635 /* HomeViewController.swift in Sources */ = {isa = PBXBuildFile; fileRef = CB708B3E28A3616200404635 /* HomeViewController.swift */; };
		CB708B4128A3616200404635 /* HomeViewController.xib in Resources */ = {isa = PBXBuildFile; fileRef = CB708B3F28A3616200404635 /* HomeViewController.xib */; };
/* End PBXBuildFile section */

/* Begin PBXFileReference section */
		CB5D642628A2081700AADA02 /* DemoAlert.app */ = {isa = PBXFileReference; explicitFileType = wrapper.application; includeInIndex = 0; path = DemoAlert.app; sourceTree = BUILT_PRODUCTS_DIR; };
		CB5D642928A2081700AADA02 /* AppDelegate.swift */ = {isa = PBXFileReference; lastKnownFileType = sourcecode.swift; path = AppDelegate.swift; sourceTree = "<group>"; };
		CB5D642B28A2081700AADA02 /* SceneDelegate.swift */ = {isa = PBXFileReference; lastKnownFileType = sourcecode.swift; path = SceneDelegate.swift; sourceTree = "<group>"; };
		CB5D642D28A2081700AADA02 /* ViewController.swift */ = {isa = PBXFileReference; lastKnownFileType = sourcecode.swift; path = ViewController.swift; sourceTree = "<group>"; };
		CB5D643028A2081700AADA02 /* Base */ = {isa = PBXFileReference; lastKnownFileType = file.storyboard; name = Base; path = Base.lproj/Main.storyboard; sourceTree = "<group>"; };
		CB5D643228A2081A00AADA02 /* Assets.xcassets */ = {isa = PBXFileReference; lastKnownFileType = folder.assetcatalog; path = Assets.xcassets; sourceTree = "<group>"; };
		CB5D643528A2081A00AADA02 /* Base */ = {isa = PBXFileReference; lastKnownFileType = file.storyboard; name = Base; path = Base.lproj/LaunchScreen.storyboard; sourceTree = "<group>"; };
		CB5D643728A2081A00AADA02 /* Info.plist */ = {isa = PBXFileReference; lastKnownFileType = text.plist.xml; path = Info.plist; sourceTree = "<group>"; };
		CB5D644628A20FCC00AADA02 /* UIViewExtension.swift */ = {isa = PBXFileReference; fileEncoding = 4; lastKnownFileType = sourcecode.swift; path = UIViewExtension.swift; sourceTree = "<group>"; };
		CB5D644728A20FCC00AADA02 /* CommonAlertVC.swift */ = {isa = PBXFileReference; fileEncoding = 4; lastKnownFileType = sourcecode.swift; path = CommonAlertVC.swift; sourceTree = "<group>"; };
		CB5D644828A20FCC00AADA02 /* CommonAlertVC.xib */ = {isa = PBXFileReference; fileEncoding = 4; lastKnownFileType = file.xib; path = CommonAlertVC.xib; sourceTree = "<group>"; };
		CB5D645E28A2744D00AADA02 /* PopupHelper.swift */ = {isa = PBXFileReference; lastKnownFileType = sourcecode.swift; path = PopupHelper.swift; sourceTree = "<group>"; };
		CB5D64A528A29C1100AADA02 /* UIControlExtension.swift */ = {isa = PBXFileReference; lastKnownFileType = sourcecode.swift; path = UIControlExtension.swift; sourceTree = "<group>"; };
		CB708B3E28A3616200404635 /* HomeViewController.swift */ = {isa = PBXFileReference; lastKnownFileType = sourcecode.swift; path = HomeViewController.swift; sourceTree = "<group>"; };
		CB708B3F28A3616200404635 /* HomeViewController.xib */ = {isa = PBXFileReference; lastKnownFileType = file.xib; path = HomeViewController.xib; sourceTree = "<group>"; };
/* End PBXFileReference section */

/* Begin PBXFrameworksBuildPhase section */
		CB5D642328A2081700AADA02 /* Frameworks */ = {
			isa = PBXFrameworksBuildPhase;
			buildActionMask = 2147483647;
			files = (
			);
			runOnlyForDeploymentPostprocessing = 0;
		};
/* End PBXFrameworksBuildPhase section */

/* Begin PBXGroup section */
		CB5D641D28A2081700AADA02 = {
			isa = PBXGroup;
			children = (
				CB5D642828A2081700AADA02 /* DemoAlert */,
				CB5D642728A2081700AADA02 /* Products */,
			);
			sourceTree = "<group>";
		};
		CB5D642728A2081700AADA02 /* Products */ = {
			isa = PBXGroup;
			children = (
				CB5D642628A2081700AADA02 /* DemoAlert.app */,
			);
			name = Products;
			sourceTree = "<group>";
		};
		CB5D642828A2081700AADA02 /* DemoAlert */ = {
			isa = PBXGroup;
			children = (
				CB5D642928A2081700AADA02 /* AppDelegate.swift */,
				CB5D642B28A2081700AADA02 /* SceneDelegate.swift */,
				CB5D64A428A29B1800AADA02 /* Extension */,
				CB5D644528A20FCC00AADA02 /* CustomAlert */,
				CB5D642D28A2081700AADA02 /* ViewController.swift */,
				CB708B3E28A3616200404635 /* HomeViewController.swift */,
				CB708B3F28A3616200404635 /* HomeViewController.xib */,
				CB5D642F28A2081700AADA02 /* Main.storyboard */,
				CB5D643228A2081A00AADA02 /* Assets.xcassets */,
				CB5D643428A2081A00AADA02 /* LaunchScreen.storyboard */,
				CB5D643728A2081A00AADA02 /* Info.plist */,
			);
			path = DemoAlert;
			sourceTree = "<group>";
		};
		CB5D644528A20FCC00AADA02 /* CustomAlert */ = {
			isa = PBXGroup;
			children = (
				CB5D644728A20FCC00AADA02 /* CommonAlertVC.swift */,
				CB5D644828A20FCC00AADA02 /* CommonAlertVC.xib */,
				CB5D645E28A2744D00AADA02 /* PopupHelper.swift */,
			);
			path = CustomAlert;
			sourceTree = "<group>";
		};
		CB5D64A428A29B1800AADA02 /* Extension */ = {
			isa = PBXGroup;
			children = (
				CB5D64A528A29C1100AADA02 /* UIControlExtension.swift */,
				CB5D644628A20FCC00AADA02 /* UIViewExtension.swift */,
			);
			path = Extension;
			sourceTree = "<group>";
		};
/* End PBXGroup section */

/* Begin PBXNativeTarget section */
		CB5D642528A2081700AADA02 /* DemoAlert */ = {
			isa = PBXNativeTarget;
			buildConfigurationList = CB5D643A28A2081A00AADA02 /* Build configuration list for PBXNativeTarget "DemoAlert" */;
			buildPhases = (
				CB5D642228A2081700AADA02 /* Sources */,
				CB5D642328A2081700AADA02 /* Frameworks */,
				CB5D642428A2081700AADA02 /* Resources */,
			);
			buildRules = (
			);
			dependencies = (
			);
			name = DemoAlert;
			productName = DemoAlert;
			productReference = CB5D642628A2081700AADA02 /* DemoAlert.app */;
			productType = "com.apple.product-type.application";
		};
/* End PBXNativeTarget section */

/* Begin PBXProject section */
		CB5D641E28A2081700AADA02 /* Project object */ = {
			isa = PBXProject;
			attributes = {
				BuildIndependentTargetsInParallel = 1;
				LastSwiftUpdateCheck = 1340;
				LastUpgradeCheck = 1340;
				TargetAttributes = {
					CB5D642528A2081700AADA02 = {
						CreatedOnToolsVersion = 13.4.1;
					};
				};
			};
			buildConfigurationList = CB5D642128A2081700AADA02 /* Build configuration list for PBXProject "DemoAlert" */;
			compatibilityVersion = "Xcode 13.0";
			developmentRegion = en;
			hasScannedForEncodings = 0;
			knownRegions = (
				en,
				Base,
			);
			mainGroup = CB5D641D28A2081700AADA02;
			productRefGroup = CB5D642728A2081700AADA02 /* Products */;
			projectDirPath = "";
			projectRoot = "";
			targets = (
				CB5D642528A2081700AADA02 /* DemoAlert */,
			);
		};
/* End PBXProject section */

/* Begin PBXResourcesBuildPhase section */
		CB5D642428A2081700AADA02 /* Resources */ = {
			isa = PBXResourcesBuildPhase;
			buildActionMask = 2147483647;
			files = (
				CB5D644C28A20FCC00AADA02 /* CommonAlertVC.xib in Resources */,
				CB5D643628A2081A00AADA02 /* LaunchScreen.storyboard in Resources */,
				CB708B4128A3616200404635 /* HomeViewController.xib in Resources */,
				CB5D643328A2081A00AADA02 /* Assets.xcassets in Resources */,
				CB5D643128A2081700AADA02 /* Main.storyboard in Resources */,
			);
			runOnlyForDeploymentPostprocessing = 0;
		};
/* End PBXResourcesBuildPhase section */

/* Begin PBXSourcesBuildPhase section */
		CB5D642228A2081700AADA02 /* Sources */ = {
			isa = PBXSourcesBuildPhase;
			buildActionMask = 2147483647;
			files = (
				CB5D645F28A2744D00AADA02 /* PopupHelper.swift in Sources */,
				CB5D644B28A20FCC00AADA02 /* CommonAlertVC.swift in Sources */,
				CB5D644A28A20FCC00AADA02 /* UIViewExtension.swift in Sources */,
				CB708B4028A3616200404635 /* HomeViewController.swift in Sources */,
				CB5D642E28A2081700AADA02 /* ViewController.swift in Sources */,
				CB5D642A28A2081700AADA02 /* AppDelegate.swift in Sources */,
				CB5D642C28A2081700AADA02 /* SceneDelegate.swift in Sources */,
				CB5D64A628A29C1100AADA02 /* UIControlExtension.swift in Sources */,
			);
			runOnlyForDeploymentPostprocessing = 0;
		};
/* End PBXSourcesBuildPhase section */

/* Begin PBXVariantGroup section */
		CB5D642F28A2081700AADA02 /* Main.storyboard */ = {
			isa = PBXVariantGroup;
			children = (
				CB5D643028A2081700AADA02 /* Base */,
			);
			name = Main.storyboard;
			sourceTree = "<group>";
		};
		CB5D643428A2081A00AADA02 /* LaunchScreen.storyboard */ = {
			isa = PBXVariantGroup;
			children = (
				CB5D643528A2081A00AADA02 /* Base */,
			);
			name = LaunchScreen.storyboard;
			sourceTree = "<group>";
		};
/* End PBXVariantGroup section */

/* Begin XCBuildConfiguration section */
		CB5D643828A2081A00AADA02 /* Debug */ = {
			isa = XCBuildConfiguration;
			buildSettings = {
				ALWAYS_SEARCH_USER_PATHS = NO;
				CLANG_ANALYZER_NONNULL = YES;
				CLANG_ANALYZER_NUMBER_OBJECT_CONVERSION = YES_AGGRESSIVE;
				CLANG_CXX_LANGUAGE_STANDARD = "gnu++17";
				CLANG_ENABLE_MODULES = YES;
				CLANG_ENABLE_OBJC_ARC = YES;
				CLANG_ENABLE_OBJC_WEAK = YES;
				CLANG_WARN_BLOCK_CAPTURE_AUTORELEASING = YES;
				CLANG_WARN_BOOL_CONVERSION = YES;
				CLANG_WARN_COMMA = YES;
				CLANG_WARN_CONSTANT_CONVERSION = YES;
				CLANG_WARN_DEPRECATED_OBJC_IMPLEMENTATIONS = YES;
				CLANG_WARN_DIRECT_OBJC_ISA_USAGE = YES_ERROR;
				CLANG_WARN_DOCUMENTATION_COMMENTS = YES;
				CLANG_WARN_EMPTY_BODY = YES;
				CLANG_WARN_ENUM_CONVERSION = YES;
				CLANG_WARN_INFINITE_RECURSION = YES;
				CLANG_WARN_INT_CONVERSION = YES;
				CLANG_WARN_NON_LITERAL_NULL_CONVERSION = YES;
				CLANG_WARN_OBJC_IMPLICIT_RETAIN_SELF = YES;
				CLANG_WARN_OBJC_LITERAL_CONVERSION = YES;
				CLANG_WARN_OBJC_ROOT_CLASS = YES_ERROR;
				CLANG_WARN_QUOTED_INCLUDE_IN_FRAMEWORK_HEADER = YES;
				CLANG_WARN_RANGE_LOOP_ANALYSIS = YES;
				CLANG_WARN_STRICT_PROTOTYPES = YES;
				CLANG_WARN_SUSPICIOUS_MOVE = YES;
				CLANG_WARN_UNGUARDED_AVAILABILITY = YES_AGGRESSIVE;
				CLANG_WARN_UNREACHABLE_CODE = YES;
				CLANG_WARN__DUPLICATE_METHOD_MATCH = YES;
				COPY_PHASE_STRIP = NO;
				DEBUG_INFORMATION_FORMAT = dwarf;
				ENABLE_STRICT_OBJC_MSGSEND = YES;
				ENABLE_TESTABILITY = YES;
				GCC_C_LANGUAGE_STANDARD = gnu11;
				GCC_DYNAMIC_NO_PIC = NO;
				GCC_NO_COMMON_BLOCKS = YES;
				GCC_OPTIMIZATION_LEVEL = 0;
				GCC_PREPROCESSOR_DEFINITIONS = (
					"DEBUG=1",
					"$(inherited)",
				);
				GCC_WARN_64_TO_32_BIT_CONVERSION = YES;
				GCC_WARN_ABOUT_RETURN_TYPE = YES_ERROR;
				GCC_WARN_UNDECLARED_SELECTOR = YES;
				GCC_WARN_UNINITIALIZED_AUTOS = YES_AGGRESSIVE;
				GCC_WARN_UNUSED_FUNCTION = YES;
				GCC_WARN_UNUSED_VARIABLE = YES;
				IPHONEOS_DEPLOYMENT_TARGET = 15.5;
				MTL_ENABLE_DEBUG_INFO = INCLUDE_SOURCE;
				MTL_FAST_MATH = YES;
				ONLY_ACTIVE_ARCH = YES;
				SDKROOT = iphoneos;
				SWIFT_ACTIVE_COMPILATION_CONDITIONS = DEBUG;
				SWIFT_OPTIMIZATION_LEVEL = "-Onone";
			};
			name = Debug;
		};
		CB5D643928A2081A00AADA02 /* Release */ = {
			isa = XCBuildConfiguration;
			buildSettings = {
				ALWAYS_SEARCH_USER_PATHS = NO;
				CLANG_ANALYZER_NONNULL = YES;
				CLANG_ANALYZER_NUMBER_OBJECT_CONVERSION = YES_AGGRESSIVE;
				CLANG_CXX_LANGUAGE_STANDARD = "gnu++17";
				CLANG_ENABLE_MODULES = YES;
				CLANG_ENABLE_OBJC_ARC = YES;
				CLANG_ENABLE_OBJC_WEAK = YES;
				CLANG_WARN_BLOCK_CAPTURE_AUTORELEASING = YES;
				CLANG_WARN_BOOL_CONVERSION = YES;
				CLANG_WARN_COMMA = YES;
				CLANG_WARN_CONSTANT_CONVERSION = YES;
				CLANG_WARN_DEPRECATED_OBJC_IMPLEMENTATIONS = YES;
				CLANG_WARN_DIRECT_OBJC_ISA_USAGE = YES_ERROR;
				CLANG_WARN_DOCUMENTATION_COMMENTS = YES;
				CLANG_WARN_EMPTY_BODY = YES;
				CLANG_WARN_ENUM_CONVERSION = YES;
				CLANG_WARN_INFINITE_RECURSION = YES;
				CLANG_WARN_INT_CONVERSION = YES;
				CLANG_WARN_NON_LITERAL_NULL_CONVERSION = YES;
				CLANG_WARN_OBJC_IMPLICIT_RETAIN_SELF = YES;
				CLANG_WARN_OBJC_LITERAL_CONVERSION = YES;
				CLANG_WARN_OBJC_ROOT_CLASS = YES_ERROR;
				CLANG_WARN_QUOTED_INCLUDE_IN_FRAMEWORK_HEADER = YES;
				CLANG_WARN_RANGE_LOOP_ANALYSIS = YES;
				CLANG_WARN_STRICT_PROTOTYPES = YES;
				CLANG_WARN_SUSPICIOUS_MOVE = YES;
				CLANG_WARN_UNGUARDED_AVAILABILITY = YES_AGGRESSIVE;
				CLANG_WARN_UNREACHABLE_CODE = YES;
				CLANG_WARN__DUPLICATE_METHOD_MATCH = YES;
				COPY_PHASE_STRIP = NO;
				DEBUG_INFORMATION_FORMAT = "dwarf-with-dsym";
				ENABLE_NS_ASSERTIONS = NO;
				ENABLE_STRICT_OBJC_MSGSEND = YES;
				GCC_C_LANGUAGE_STANDARD = gnu11;
				GCC_NO_COMMON_BLOCKS = YES;
				GCC_WARN_64_TO_32_BIT_CONVERSION = YES;
				GCC_WARN_ABOUT_RETURN_TYPE = YES_ERROR;
				GCC_WARN_UNDECLARED_SELECTOR = YES;
				GCC_WARN_UNINITIALIZED_AUTOS = YES_AGGRESSIVE;
				GCC_WARN_UNUSED_FUNCTION = YES;
				GCC_WARN_UNUSED_VARIABLE = YES;
				IPHONEOS_DEPLOYMENT_TARGET = 15.5;
				MTL_ENABLE_DEBUG_INFO = NO;
				MTL_FAST_MATH = YES;
				SDKROOT = iphoneos;
				SWIFT_COMPILATION_MODE = wholemodule;
				SWIFT_OPTIMIZATION_LEVEL = "-O";
				VALIDATE_PRODUCT = YES;
			};
			name = Release;
		};
		CB5D643B28A2081A00AADA02 /* Debug */ = {
			isa = XCBuildConfiguration;
			buildSettings = {
				ASSETCATALOG_COMPILER_APPICON_NAME = AppIcon;
				ASSETCATALOG_COMPILER_GLOBAL_ACCENT_COLOR_NAME = AccentColor;
				CODE_SIGN_STYLE = Automatic;
				CURRENT_PROJECT_VERSION = 1;
				GENERATE_INFOPLIST_FILE = YES;
				INFOPLIST_FILE = DemoAlert/Info.plist;
				INFOPLIST_KEY_UIApplicationSupportsIndirectInputEvents = YES;
				INFOPLIST_KEY_UILaunchStoryboardName = LaunchScreen;
				INFOPLIST_KEY_UIMainStoryboardFile = Main;
				INFOPLIST_KEY_UISupportedInterfaceOrientations_iPad = "UIInterfaceOrientationPortrait UIInterfaceOrientationPortraitUpsideDown UIInterfaceOrientationLandscapeLeft UIInterfaceOrientationLandscapeRight";
				INFOPLIST_KEY_UISupportedInterfaceOrientations_iPhone = "UIInterfaceOrientationPortrait UIInterfaceOrientationLandscapeLeft UIInterfaceOrientationLandscapeRight";
				LD_RUNPATH_SEARCH_PATHS = (
					"$(inherited)",
					"@executable_path/Frameworks",
				);
				MARKETING_VERSION = 1.0;
				PRODUCT_BUNDLE_IDENTIFIER = thanh.iOS.DemoAlert;
				PRODUCT_NAME = "$(TARGET_NAME)";
				SWIFT_EMIT_LOC_STRINGS = YES;
				SWIFT_VERSION = 5.0;
				TARGETED_DEVICE_FAMILY = "1,2";
			};
			name = Debug;
		};
		CB5D643C28A2081A00AADA02 /* Release */ = {
			isa = XCBuildConfiguration;
			buildSettings = {
				ASSETCATALOG_COMPILER_APPICON_NAME = AppIcon;
				ASSETCATALOG_COMPILER_GLOBAL_ACCENT_COLOR_NAME = AccentColor;
				CODE_SIGN_STYLE = Automatic;
				CURRENT_PROJECT_VERSION = 1;
				GENERATE_INFOPLIST_FILE = YES;
				INFOPLIST_FILE = DemoAlert/Info.plist;
				INFOPLIST_KEY_UIApplicationSupportsIndirectInputEvents = YES;
				INFOPLIST_KEY_UILaunchStoryboardName = LaunchScreen;
				INFOPLIST_KEY_UIMainStoryboardFile = Main;
				INFOPLIST_KEY_UISupportedInterfaceOrientations_iPad = "UIInterfaceOrientationPortrait UIInterfaceOrientationPortraitUpsideDown UIInterfaceOrientationLandscapeLeft UIInterfaceOrientationLandscapeRight";
				INFOPLIST_KEY_UISupportedInterfaceOrientations_iPhone = "UIInterfaceOrientationPortrait UIInterfaceOrientationLandscapeLeft UIInterfaceOrientationLandscapeRight";
				LD_RUNPATH_SEARCH_PATHS = (
					"$(inherited)",
					"@executable_path/Frameworks",
				);
				MARKETING_VERSION = 1.0;
				PRODUCT_BUNDLE_IDENTIFIER = thanh.iOS.DemoAlert;
				PRODUCT_NAME = "$(TARGET_NAME)";
				SWIFT_EMIT_LOC_STRINGS = YES;
				SWIFT_VERSION = 5.0;
				TARGETED_DEVICE_FAMILY = "1,2";
			};
			name = Release;
		};
/* End XCBuildConfiguration section */

/* Begin XCConfigurationList section */
		CB5D642128A2081700AADA02 /* Build configuration list for PBXProject "DemoAlert" */ = {
			isa = XCConfigurationList;
			buildConfigurations = (
				CB5D643828A2081A00AADA02 /* Debug */,
				CB5D643928A2081A00AADA02 /* Release */,
			);
			defaultConfigurationIsVisible = 0;
			defaultConfigurationName = Release;
		};
		CB5D643A28A2081A00AADA02 /* Build configuration list for PBXNativeTarget "DemoAlert" */ = {
			isa = XCConfigurationList;
			buildConfigurations = (
				CB5D643B28A2081A00AADA02 /* Debug */,
				CB5D643C28A2081A00AADA02 /* Release */,
			);
			defaultConfigurationIsVisible = 0;
			defaultConfigurationName = Release;
		};
/* End XCConfigurationList section */
	};
	rootObject = CB5D641E28A2081700AADA02 /* Project object */;
}
